
Microsoft Visual Studio Solution File, Format Version 12.00
# Visual Studio Version 17
VisualStudioVersion = 17.1.32421.90
MinimumVisualStudioVersion = 10.0.40219.1
Project("{FAE04EC0-301F-11D3-BF4B-00C04F79EFBC}") = "ScsUnitDecrypt", "ScsUnitDecrypt\ScsUnitDecrypt.csproj", "{889539D9-FCDF-4930-A4CB-A5D97E567BD4}"
EndProject
Project("{FAE04EC0-301F-11D3-BF4B-00C04F79EFBC}") = "ScsUnitDecrypt.Core", "ScsUnitDecrypt.Core\ScsUnitDecrypt.Core.csproj", "{68255844-1FE5-49CD-85E3-6AE25DB9754C}"
EndProject
Global
	GlobalSection(SolutionConfigurationPlatforms) = preSolution
		Debug|Any CPU = Debug|Any CPU
		Release|Any CPU = Release|Any CPU
	EndGlobalSection
	GlobalSection(ProjectConfigurationPlatforms) = postSolution
		{889539D9-FCDF-4930-A4CB-A5D97E567BD4}.Debug|Any CPU.ActiveCfg = Debug|Any CPU
		{889539D9-FCDF-4930-A4CB-A5D97E567BD4}.Debug|Any CPU.Build.0 = Debug|Any CPU
		{889539D9-FCDF-4930-A4CB-A5D97E567BD4}.Release|Any CPU.ActiveCfg = Release|Any CPU
		{889539D9-FCDF-4930-A4CB-A5D97E567BD4}.Release|Any CPU.Build.0 = Release|Any CPU
		{68255844-1FE5-49CD-85E3-6AE25DB9754C}.Debug|Any CPU.ActiveCfg = Debug|Any CPU
		{68255844-1FE5-49CD-85E3-6AE25DB9754C}.Debug|Any CPU.Build.0 = Debug|Any CPU
		{68255844-1FE5-49CD-85E3-6AE25DB9754C}.Release|Any CPU.ActiveCfg = Release|Any CPU
		{68255844-1FE5-49CD-85E3-6AE25DB9754C}.Release|Any CPU.Build.0 = Release|Any CPU
	EndGlobalSection
	GlobalSection(SolutionProperties) = preSolution
		HideSolutionNode = FALSE
	EndGlobalSection
	GlobalSection(ExtensibilityGlobals) = postSolution
		SolutionGuid = {DA039D01-CF83-4C92-B966-041638E8F224}
	EndGlobalSection
EndGlobal
